
Microsoft Visual Studio Solution File, Format Version 12.00
# Visual Studio Version 16
VisualStudioVersion = 16.0.30621.155
MinimumVisualStudioVersion = 10.0.40219.1
Project("{FAE04EC0-301F-11D3-BF4B-00C04F79EFBC}") = "kutuphaneprojesi", "kutuphaneprojesi\kutuphaneprojesi.csproj", "{FE918E3F-4F9A-442B-AF34-33C70E2C5264}"
EndProject
Global
	GlobalSection(SolutionConfigurationPlatforms) = preSolution
		Debug|Any CPU = Debug|Any CPU
		Release|Any CPU = Release|Any CPU
	EndGlobalSection
	GlobalSection(ProjectConfigurationPlatforms) = postSolution
		{FE918E3F-4F9A-442B-AF34-33C70E2C5264}.Debug|Any CPU.ActiveCfg = Debug|Any CPU
		{FE918E3F-4F9A-442B-AF34-33C70E2C5264}.Debug|Any CPU.Build.0 = Debug|Any CPU
		{FE918E3F-4F9A-442B-AF34-33C70E2C5264}.Release|Any CPU.ActiveCfg = Release|Any CPU
		{FE918E3F-4F9A-442B-AF34-33C70E2C5264}.Release|Any CPU.Build.0 = Release|Any CPU
	EndGlobalSection
	GlobalSection(SolutionProperties) = preSolution
		HideSolutionNode = FALSE
	EndGlobalSection
	GlobalSection(ExtensibilityGlobals) = postSolution
		SolutionGuid = {5CF516CC-6811-477E-9D85-4AB1EDB347BD}
	EndGlobalSection
EndGlobal
